
Microsoft Visual Studio Solution File, Format Version 12.00
# Visual Studio Version 16
VisualStudioVersion = 16.0.810.2
MinimumVisualStudioVersion = 10.0.40219.1
Project("{FAE04EC0-301F-11D3-BF4B-00C04F79EFBC}") = "Jimmy_Purnell_Development", "Jimmy_Purnell_Development\Jimmy_Purnell_Development.csproj", "{DD44CD5C-AF3A-4AE8-BF0B-9C1322A5F699}"
EndProject
Global
	GlobalSection(SolutionConfigurationPlatforms) = preSolution
		Debug|Any CPU = Debug|Any CPU
		Release|Any CPU = Release|Any CPU
	EndGlobalSection
	GlobalSection(ProjectConfigurationPlatforms) = postSolution
		{DD44CD5C-AF3A-4AE8-BF0B-9C1322A5F699}.Debug|Any CPU.ActiveCfg = Debug|Any CPU
		{DD44CD5C-AF3A-4AE8-BF0B-9C1322A5F699}.Debug|Any CPU.Build.0 = Debug|Any CPU
		{DD44CD5C-AF3A-4AE8-BF0B-9C1322A5F699}.Release|Any CPU.ActiveCfg = Release|Any CPU
		{DD44CD5C-AF3A-4AE8-BF0B-9C1322A5F699}.Release|Any CPU.Build.0 = Release|Any CPU
	EndGlobalSection
	GlobalSection(SolutionProperties) = preSolution
		HideSolutionNode = FALSE
	EndGlobalSection
	GlobalSection(ExtensibilityGlobals) = postSolution
		SolutionGuid = {CDEE0771-C2AE-4B71-BF92-E4078C67F697}
	EndGlobalSection
EndGlobal
